
Microsoft Visual Studio Solution File, Format Version 12.00
# Visual Studio 2013
VisualStudioVersion = 12.0.21005.1
MinimumVisualStudioVersion = 10.0.40219.1
Project("{FAE04EC0-301F-11D3-BF4B-00C04F79EFBC}") = "RoadExtraction", "RoadExtraction\RoadExtraction.csproj", "{86FE512B-DFD4-48FE-AEFB-985D15E600EB}"
EndProject
Project("{FAE04EC0-301F-11D3-BF4B-00C04F79EFBC}") = "ArtificialNeuralNetworkLibrary", "ArtificialNeuralNetworkLibrary\ArtificialNeuralNetworkLibrary.csproj", "{3EDB95C4-4557-4A62-BF5A-09E42902F26E}"
EndProject
Project("{FAE04EC0-301F-11D3-BF4B-00C04F79EFBC}") = "MiscLibrary", "MiscLibrary\MiscLibrary.csproj", "{9AEB2D46-9A1B-4205-979C-6CD0F2FFE520}"
EndProject
Global
	GlobalSection(SolutionConfigurationPlatforms) = preSolution
		Debug|Any CPU = Debug|Any CPU
		Release|Any CPU = Release|Any CPU
	EndGlobalSection
	GlobalSection(ProjectConfigurationPlatforms) = postSolution
		{86FE512B-DFD4-48FE-AEFB-985D15E600EB}.Debug|Any CPU.ActiveCfg = Debug|Any CPU
		{86FE512B-DFD4-48FE-AEFB-985D15E600EB}.Debug|Any CPU.Build.0 = Debug|Any CPU
		{86FE512B-DFD4-48FE-AEFB-985D15E600EB}.Release|Any CPU.ActiveCfg = Release|Any CPU
		{86FE512B-DFD4-48FE-AEFB-985D15E600EB}.Release|Any CPU.Build.0 = Release|Any CPU
		{3EDB95C4-4557-4A62-BF5A-09E42902F26E}.Debug|Any CPU.ActiveCfg = Debug|Any CPU
		{3EDB95C4-4557-4A62-BF5A-09E42902F26E}.Debug|Any CPU.Build.0 = Debug|Any CPU
		{3EDB95C4-4557-4A62-BF5A-09E42902F26E}.Release|Any CPU.ActiveCfg = Release|Any CPU
		{3EDB95C4-4557-4A62-BF5A-09E42902F26E}.Release|Any CPU.Build.0 = Release|Any CPU
		{9AEB2D46-9A1B-4205-979C-6CD0F2FFE520}.Debug|Any CPU.ActiveCfg = Debug|Any CPU
		{9AEB2D46-9A1B-4205-979C-6CD0F2FFE520}.Debug|Any CPU.Build.0 = Debug|Any CPU
		{9AEB2D46-9A1B-4205-979C-6CD0F2FFE520}.Release|Any CPU.ActiveCfg = Release|Any CPU
		{9AEB2D46-9A1B-4205-979C-6CD0F2FFE520}.Release|Any CPU.Build.0 = Release|Any CPU
	EndGlobalSection
	GlobalSection(SolutionProperties) = preSolution
		HideSolutionNode = FALSE
	EndGlobalSection
EndGlobal
